{
  "name": "@adobe/aem-rum-explorer",
  "version": "0.1.0",
  "lockfileVersion": 3,
  "requires": true,
  "packages": {
    "": {
      "name": "@adobe/aem-rum-explorer",
      "version": "0.1.0",
      "dependencies": {
        "@adobe/rum-distiller": "1.16.0"
      }
    },
    "node_modules/@adobe/rum-distiller": {
      "version": "1.16.0",
      "resolved": "https://registry.npmjs.org/@adobe/rum-distiller/-/rum-distiller-1.16.0.tgz",
      "integrity": "sha512-ZLHR1OJWkgNWRFp3u6tmHJ8DITAeY8jkSlmkNGaM6eTwWoexGbo50zsVnmS1uV1EGU5uWlMCf1b0X2e0+n2bQw==",
      "license": "Apache-2.0"
    }
  }
}
