{
  "name": "@adobe/aem-rum-explorer",
  "version": "0.1.0",
  "lockfileVersion": 3,
  "requires": true,
  "packages": {
    "": {
      "name": "@adobe/aem-rum-explorer",
      "version": "0.1.0",
      "dependencies": {
        "@adobe/rum-distiller": "1.9.0"
      }
    },
    "node_modules/@adobe/rum-distiller": {
      "version": "1.9.0",
      "resolved": "https://registry.npmjs.org/@adobe/rum-distiller/-/rum-distiller-1.9.0.tgz",
      "integrity": "sha512-Ex3N1yT0ZKHXnckHKFxBt6h49TGcQfJVr+R4SKyCRCsIg+/4H02i5BrV1N7SUq/r9BBn+6L82nc/Jg2E/U09Pw==",
      "license": "Apache-2.0"
    }
  }
}
