{
  "name": "@adobe/aem-rum-explorer",
  "version": "0.1.0",
  "lockfileVersion": 3,
  "requires": true,
  "packages": {
    "": {
      "name": "@adobe/aem-rum-explorer",
      "version": "0.1.0",
      "dependencies": {
        "@adobe/rum-distiller": "1.19.1-prerelease.4"
      }
    },
    "node_modules/@adobe/rum-distiller": {
      "version": "1.19.1-prerelease.4",
      "resolved": "https://registry.npmjs.org/@adobe/rum-distiller/-/rum-distiller-1.19.1-prerelease.4.tgz",
      "integrity": "sha512-5k5honGGsQsDG5hIANenAMMJhkaGbio4HjY9urngyEB00hBG+sAx3bpnmcAmuiqf9LOOti+M8DHxv+XR6NDedw==",
      "license": "Apache-2.0"
    }
  }
}
