{
  "name": "@adobe/aem-rum-explorer",
  "version": "0.1.0",
  "lockfileVersion": 3,
  "requires": true,
  "packages": {
    "": {
      "name": "@adobe/aem-rum-explorer",
      "version": "0.1.0",
      "dependencies": {
        "@adobe/rum-distiller": "1.15.0"
      }
    },
    "node_modules/@adobe/rum-distiller": {
      "version": "1.15.0",
      "resolved": "https://registry.npmjs.org/@adobe/rum-distiller/-/rum-distiller-1.15.0.tgz",
      "integrity": "sha512-bFaUuTRNVlLNyAHvNumvSdb7piJufoN1dR/cV6Dp2+TneyFm2QbKsFRoQs+FShd5/95IGLmpUcapa9zDWakECg==",
      "license": "Apache-2.0"
    }
  }
}
