{
  "name": "@adobe/aem-rum-explorer",
  "version": "0.1.0",
  "lockfileVersion": 3,
  "requires": true,
  "packages": {
    "": {
      "name": "@adobe/aem-rum-explorer",
      "version": "0.1.0",
      "dependencies": {
        "@adobe/rum-distiller": "1.9.1"
      }
    },
    "node_modules/@adobe/rum-distiller": {
      "version": "1.9.1",
      "resolved": "https://registry.npmjs.org/@adobe/rum-distiller/-/rum-distiller-1.9.1.tgz",
      "integrity": "sha512-Il7feuWiSd8Aw1Uw09PhNg3FZMMOkDNnekpDyrV5LA8PTBMoBnX8swaKpiaNMTbdsJG1KxYzb2M4lFDEa0mLuw=="
    }
  }
}
