{
  "name": "@adobe/aem-rum-explorer",
  "version": "0.1.0",
  "lockfileVersion": 3,
  "requires": true,
  "packages": {
    "": {
      "name": "@adobe/aem-rum-explorer",
      "version": "0.1.0",
      "dependencies": {
        "@adobe/rum-distiller": "1.19.0"
      }
    },
    "node_modules/@adobe/rum-distiller": {
      "version": "1.19.0",
      "resolved": "https://registry.npmjs.org/@adobe/rum-distiller/-/rum-distiller-1.19.0.tgz",
      "integrity": "sha512-Qb7V7pF8Sy5cd1lqskqlEvmuhMIPek8X+G84Qe236lMgu+8XLM8pk0HJzZdvHAsYGU8M+wmKAccfk6DyIvweng==",
      "license": "Apache-2.0"
    }
  }
}
