{
  "name": "@adobe/aem-rum-report-news",
  "version": "0.1.0",
  "lockfileVersion": 3,
  "requires": true,
  "packages": {
    "": {
      "name": "@adobe/aem-rum-report-news",
      "version": "0.1.0",
      "dependencies": {
        "@adobe/rum-distiller": "1.5.0"
      }
    },
    "node_modules/@adobe/rum-distiller": {
      "version": "1.5.0",
      "resolved": "https://registry.npmjs.org/@adobe/rum-distiller/-/rum-distiller-1.5.0.tgz",
      "integrity": "sha512-2BB9RANQDEpkWZwsTIfyF4nYyQnC8V4ZvOj9o1ct8HvZgrzEtZEYmspt51ZfdJWIU20x+CPdtfj7bAcsdR113A==",
      "license": "Apache-2.0"
    }
  }
}
