{
  "name": "@adobe/aem-rum-report-news",
  "version": "0.1.0",
  "lockfileVersion": 3,
  "requires": true,
  "packages": {
    "": {
      "name": "@adobe/aem-rum-report-news",
      "version": "0.1.0",
      "dependencies": {
        "@adobe/rum-distiller": "^1.4.1"
      }
    },
    "node_modules/@adobe/rum-distiller": {
      "version": "1.4.1",
      "resolved": "https://registry.npmjs.org/@adobe/rum-distiller/-/rum-distiller-1.4.1.tgz",
      "integrity": "sha512-08RJH7enl9bJehrzTs+8XTdzzPCTLieVvasDlCKeoWAUl5lG8MOnM3OTNLyxNxwWJ6OF52TUrzesSR0NPLUZyw==",
      "license": "Apache-2.0"
    }
  }
}
